// !$*UTF8*$!
{
	archiveVersion = 1;
	classes = {
	};
	objectVersion = 55;
	objects = {

/* Begin PBXBuildFile section */
		05843FBF6DCC44F298530CA9 /* Pods_Hygrometer.framework in Frameworks */ = {isa = PBXBuildFile; fileRef = 76F69F8DA58FB7EE7F409A76 /* Pods_Hygrometer.framework */; };
		A508BB5D287A560300A37162 /* PresentViewController.swift in Sources */ = {isa = PBXBuildFile; fileRef = A508BB5C287A560300A37162 /* PresentViewController.swift */; };
		A508BB64287A5C8D00A37162 /* PresentTableViewCell.swift in Sources */ = {isa = PBXBuildFile; fileRef = A508BB63287A5C8D00A37162 /* PresentTableViewCell.swift */; };
		A508BB66287A6B4300A37162 /* SceneType.swift in Sources */ = {isa = PBXBuildFile; fileRef = A508BB65287A6B4300A37162 /* SceneType.swift */; };
		A508BB68287A768A00A37162 /* SettingsViewController.swift in Sources */ = {isa = PBXBuildFile; fileRef = A508BB67287A768A00A37162 /* SettingsViewController.swift */; };
		A508BB6B287A7AA600A37162 /* SettingsTableViewCell.swift in Sources */ = {isa = PBXBuildFile; fileRef = A508BB6A287A7AA600A37162 /* SettingsTableViewCell.swift */; };
		A51081DF2871BF5A00A8D648 /* AppDelegate.swift in Sources */ = {isa = PBXBuildFile; fileRef = A51081DE2871BF5A00A8D648 /* AppDelegate.swift */; };
		A51081E12871BF5A00A8D648 /* SceneDelegate.swift in Sources */ = {isa = PBXBuildFile; fileRef = A51081E02871BF5A00A8D648 /* SceneDelegate.swift */; };
		A51081E32871BF5A00A8D648 /* HomeViewController.swift in Sources */ = {isa = PBXBuildFile; fileRef = A51081E22871BF5A00A8D648 /* HomeViewController.swift */; };
		A51081E82871BF5C00A8D648 /* Assets.xcassets in Resources */ = {isa = PBXBuildFile; fileRef = A51081E72871BF5C00A8D648 /* Assets.xcassets */; };
		A51081EB2871BF5C00A8D648 /* LaunchScreen.storyboard in Resources */ = {isa = PBXBuildFile; fileRef = A51081E92871BF5C00A8D648 /* LaunchScreen.storyboard */; };
		A51081F42871C12200A8D648 /* Alamofire in Frameworks */ = {isa = PBXBuildFile; productRef = A51081F32871C12200A8D648 /* Alamofire */; };
		A51081F72871C12E00A8D648 /* SnapKit in Frameworks */ = {isa = PBXBuildFile; productRef = A51081F62871C12E00A8D648 /* SnapKit */; };
		A57D2D27287D9729005EA7CA /* AddressResponseModel.swift in Sources */ = {isa = PBXBuildFile; fileRef = A57D2D26287D9729005EA7CA /* AddressResponseModel.swift */; };
		A57D2D29287D9731005EA7CA /* AddressRequestModel.swift in Sources */ = {isa = PBXBuildFile; fileRef = A57D2D28287D9731005EA7CA /* AddressRequestModel.swift */; };
		A57D2D2C287D99B4005EA7CA /* AddressSearchManager.swift in Sources */ = {isa = PBXBuildFile; fileRef = A57D2D2B287D99B4005EA7CA /* AddressSearchManager.swift */; };
		A5CF83082884376B00514958 /* UserDefaultsManager.swift in Sources */ = {isa = PBXBuildFile; fileRef = A5CF83072884376B00514958 /* UserDefaultsManager.swift */; };
		A5E8EA892886EC5600AF9158 /* EntryViewController.swift in Sources */ = {isa = PBXBuildFile; fileRef = A5E8EA882886EC5600AF9158 /* EntryViewController.swift */; };
		E595611D2885A5F70074E677 /* BookmarkManager.swift in Sources */ = {isa = PBXBuildFile; fileRef = E595611C2885A5F70074E677 /* BookmarkManager.swift */; };
		E5A2E6C32879938A00C9D5EB /* HomeListViewModel.swift in Sources */ = {isa = PBXBuildFile; fileRef = E5A2E6C22879938A00C9D5EB /* HomeListViewModel.swift */; };
		E5A2E6C52879955900C9D5EB /* UIColor+Extensions.swift in Sources */ = {isa = PBXBuildFile; fileRef = E5A2E6C42879955900C9D5EB /* UIColor+Extensions.swift */; };
		E5A2E6C72879A52A00C9D5EB /* HomeCollectionViewCell.swift in Sources */ = {isa = PBXBuildFile; fileRef = E5A2E6C62879A52A00C9D5EB /* HomeCollectionViewCell.swift */; };
		E5B151942871C8610028EFAE /* .swiftlint.yml in Resources */ = {isa = PBXBuildFile; fileRef = E5B151932871C8610028EFAE /* .swiftlint.yml */; };
		E5C2E4D9287DBEC60022C532 /* WeatherServiceManager.swift in Sources */ = {isa = PBXBuildFile; fileRef = E5C2E4D8287DBEC60022C532 /* WeatherServiceManager.swift */; };
		E5C2E4DB287DBF430022C532 /* WeatherResponseModel.swift in Sources */ = {isa = PBXBuildFile; fileRef = E5C2E4DA287DBF430022C532 /* WeatherResponseModel.swift */; };
		E5C2E4DD287DC1380022C532 /* WeatherRequestModel.swift in Sources */ = {isa = PBXBuildFile; fileRef = E5C2E4DC287DC1380022C532 /* WeatherRequestModel.swift */; };
		E5C2E4DF287DC24F0022C532 /* SECRET.swift in Sources */ = {isa = PBXBuildFile; fileRef = E5C2E4DE287DC24F0022C532 /* SECRET.swift */; };
/* End PBXBuildFile section */

/* Begin PBXFileReference section */
		76F69F8DA58FB7EE7F409A76 /* Pods_Hygrometer.framework */ = {isa = PBXFileReference; explicitFileType = wrapper.framework; includeInIndex = 0; path = Pods_Hygrometer.framework; sourceTree = BUILT_PRODUCTS_DIR; };
		78E5E42E3CBAF2D43EB1CE07 /* Pods-Hygrometer.debug.xcconfig */ = {isa = PBXFileReference; includeInIndex = 1; lastKnownFileType = text.xcconfig; name = "Pods-Hygrometer.debug.xcconfig"; path = "Target Support Files/Pods-Hygrometer/Pods-Hygrometer.debug.xcconfig"; sourceTree = "<group>"; };
		A508BB5C287A560300A37162 /* PresentViewController.swift */ = {isa = PBXFileReference; lastKnownFileType = sourcecode.swift; path = PresentViewController.swift; sourceTree = "<group>"; };
		A508BB63287A5C8D00A37162 /* PresentTableViewCell.swift */ = {isa = PBXFileReference; lastKnownFileType = sourcecode.swift; path = PresentTableViewCell.swift; sourceTree = "<group>"; };
		A508BB65287A6B4300A37162 /* SceneType.swift */ = {isa = PBXFileReference; lastKnownFileType = sourcecode.swift; path = SceneType.swift; sourceTree = "<group>"; };
		A508BB67287A768A00A37162 /* SettingsViewController.swift */ = {isa = PBXFileReference; lastKnownFileType = sourcecode.swift; path = SettingsViewController.swift; sourceTree = "<group>"; };
		A508BB6A287A7AA600A37162 /* SettingsTableViewCell.swift */ = {isa = PBXFileReference; lastKnownFileType = sourcecode.swift; path = SettingsTableViewCell.swift; sourceTree = "<group>"; };
		A51081DB2871BF5A00A8D648 /* Hygrometer.app */ = {isa = PBXFileReference; explicitFileType = wrapper.application; includeInIndex = 0; path = Hygrometer.app; sourceTree = BUILT_PRODUCTS_DIR; };
		A51081DE2871BF5A00A8D648 /* AppDelegate.swift */ = {isa = PBXFileReference; lastKnownFileType = sourcecode.swift; path = AppDelegate.swift; sourceTree = "<group>"; };
		A51081E02871BF5A00A8D648 /* SceneDelegate.swift */ = {isa = PBXFileReference; lastKnownFileType = sourcecode.swift; path = SceneDelegate.swift; sourceTree = "<group>"; };
		A51081E22871BF5A00A8D648 /* HomeViewController.swift */ = {isa = PBXFileReference; lastKnownFileType = sourcecode.swift; path = HomeViewController.swift; sourceTree = "<group>"; };
		A51081E72871BF5C00A8D648 /* Assets.xcassets */ = {isa = PBXFileReference; lastKnownFileType = folder.assetcatalog; path = Assets.xcassets; sourceTree = "<group>"; };
		A51081EA2871BF5C00A8D648 /* Base */ = {isa = PBXFileReference; lastKnownFileType = file.storyboard; name = Base; path = Base.lproj/LaunchScreen.storyboard; sourceTree = "<group>"; };
		A51081EC2871BF5C00A8D648 /* Info.plist */ = {isa = PBXFileReference; lastKnownFileType = text.plist.xml; path = Info.plist; sourceTree = "<group>"; };
		A57D2D26287D9729005EA7CA /* AddressResponseModel.swift */ = {isa = PBXFileReference; lastKnownFileType = sourcecode.swift; path = AddressResponseModel.swift; sourceTree = "<group>"; };
		A57D2D28287D9731005EA7CA /* AddressRequestModel.swift */ = {isa = PBXFileReference; lastKnownFileType = sourcecode.swift; path = AddressRequestModel.swift; sourceTree = "<group>"; };
		A57D2D2B287D99B4005EA7CA /* AddressSearchManager.swift */ = {isa = PBXFileReference; lastKnownFileType = sourcecode.swift; path = AddressSearchManager.swift; sourceTree = "<group>"; };
		A5CF83072884376B00514958 /* UserDefaultsManager.swift */ = {isa = PBXFileReference; lastKnownFileType = sourcecode.swift; path = UserDefaultsManager.swift; sourceTree = "<group>"; };
		A5E8EA882886EC5600AF9158 /* EntryViewController.swift */ = {isa = PBXFileReference; lastKnownFileType = sourcecode.swift; path = EntryViewController.swift; sourceTree = "<group>"; };
		E595611C2885A5F70074E677 /* BookmarkManager.swift */ = {isa = PBXFileReference; lastKnownFileType = sourcecode.swift; path = BookmarkManager.swift; sourceTree = "<group>"; };
		E5A2E6C22879938A00C9D5EB /* HomeListViewModel.swift */ = {isa = PBXFileReference; lastKnownFileType = sourcecode.swift; path = HomeListViewModel.swift; sourceTree = "<group>"; };
		E5A2E6C42879955900C9D5EB /* UIColor+Extensions.swift */ = {isa = PBXFileReference; lastKnownFileType = sourcecode.swift; path = "UIColor+Extensions.swift"; sourceTree = "<group>"; };
		E5A2E6C62879A52A00C9D5EB /* HomeCollectionViewCell.swift */ = {isa = PBXFileReference; lastKnownFileType = sourcecode.swift; path = HomeCollectionViewCell.swift; sourceTree = "<group>"; };
		E5B151932871C8610028EFAE /* .swiftlint.yml */ = {isa = PBXFileReference; lastKnownFileType = text.yaml; path = .swiftlint.yml; sourceTree = "<group>"; };
		E5C2E4D8287DBEC60022C532 /* WeatherServiceManager.swift */ = {isa = PBXFileReference; lastKnownFileType = sourcecode.swift; path = WeatherServiceManager.swift; sourceTree = "<group>"; };
		E5C2E4DA287DBF430022C532 /* WeatherResponseModel.swift */ = {isa = PBXFileReference; lastKnownFileType = sourcecode.swift; path = WeatherResponseModel.swift; sourceTree = "<group>"; };
		E5C2E4DC287DC1380022C532 /* WeatherRequestModel.swift */ = {isa = PBXFileReference; lastKnownFileType = sourcecode.swift; path = WeatherRequestModel.swift; sourceTree = "<group>"; };
		E5C2E4DE287DC24F0022C532 /* SECRET.swift */ = {isa = PBXFileReference; lastKnownFileType = sourcecode.swift; path = SECRET.swift; sourceTree = "<group>"; };
		E88BC880D8CB22551EEA7555 /* Pods-Hygrometer.release.xcconfig */ = {isa = PBXFileReference; includeInIndex = 1; lastKnownFileType = text.xcconfig; name = "Pods-Hygrometer.release.xcconfig"; path = "Target Support Files/Pods-Hygrometer/Pods-Hygrometer.release.xcconfig"; sourceTree = "<group>"; };
/* End PBXFileReference section */

/* Begin PBXFrameworksBuildPhase section */
		A51081D82871BF5A00A8D648 /* Frameworks */ = {
			isa = PBXFrameworksBuildPhase;
			buildActionMask = 2147483647;
			files = (
				A51081F42871C12200A8D648 /* Alamofire in Frameworks */,
				A51081F72871C12E00A8D648 /* SnapKit in Frameworks */,
				05843FBF6DCC44F298530CA9 /* Pods_Hygrometer.framework in Frameworks */,
			);
			runOnlyForDeploymentPostprocessing = 0;
		};
/* End PBXFrameworksBuildPhase section */

/* Begin PBXGroup section */
		7133A8999D609617F0FC57BE /* Frameworks */ = {
			isa = PBXGroup;
			children = (
				76F69F8DA58FB7EE7F409A76 /* Pods_Hygrometer.framework */,
			);
			name = Frameworks;
			sourceTree = "<group>";
		};
		A508BB5E287A560900A37162 /* Present */ = {
			isa = PBXGroup;
			children = (
				A508BB5C287A560300A37162 /* PresentViewController.swift */,
				A508BB63287A5C8D00A37162 /* PresentTableViewCell.swift */,
				A508BB65287A6B4300A37162 /* SceneType.swift */,
			);
			path = Present;
			sourceTree = "<group>";
		};
		A508BB69287A768D00A37162 /* Settings */ = {
			isa = PBXGroup;
			children = (
				A508BB67287A768A00A37162 /* SettingsViewController.swift */,
				A508BB6A287A7AA600A37162 /* SettingsTableViewCell.swift */,
			);
			path = Settings;
			sourceTree = "<group>";
		};
		A508BB6C287A882E00A37162 /* Extension */ = {
			isa = PBXGroup;
			children = (
				E5A2E6C42879955900C9D5EB /* UIColor+Extensions.swift */,
			);
			path = Extension;
			sourceTree = "<group>";
		};
		A508BB6D287A89DD00A37162 /* Asset */ = {
			isa = PBXGroup;
			children = (
				A51081E72871BF5C00A8D648 /* Assets.xcassets */,
			);
			path = Asset;
			sourceTree = "<group>";
		};
		A508BB6E287A89E300A37162 /* Common */ = {
			isa = PBXGroup;
			children = (
				A508BB6D287A89DD00A37162 /* Asset */,
				A508BB6C287A882E00A37162 /* Extension */,
				A57D2D2D287D99B8005EA7CA /* Manager */,
				A57D2D2A287D9738005EA7CA /* Model */,
			);
			path = Common;
			sourceTree = "<group>";
		};
		A51081D22871BF5A00A8D648 = {
			isa = PBXGroup;
			children = (
				E5C2E4DE287DC24F0022C532 /* SECRET.swift */,
				E5B151932871C8610028EFAE /* .swiftlint.yml */,
				A51081DD2871BF5A00A8D648 /* Hygrometer */,
				A51081DC2871BF5A00A8D648 /* Products */,
				FCC403BD1124B23091AC3389 /* Pods */,
				7133A8999D609617F0FC57BE /* Frameworks */,
			);
			sourceTree = "<group>";
		};
		A51081DC2871BF5A00A8D648 /* Products */ = {
			isa = PBXGroup;
			children = (
				A51081DB2871BF5A00A8D648 /* Hygrometer.app */,
			);
			name = Products;
			sourceTree = "<group>";
		};
		A51081DD2871BF5A00A8D648 /* Hygrometer */ = {
			isa = PBXGroup;
			children = (
				A508BB6E287A89E300A37162 /* Common */,
				A5E8EA8A2886EC5900AF9158 /* Entry */,
				E5A2E6C12879925400C9D5EB /* Home */,
				A508BB5E287A560900A37162 /* Present */,
				A508BB69287A768D00A37162 /* Settings */,
				A51081DE2871BF5A00A8D648 /* AppDelegate.swift */,
				A51081E02871BF5A00A8D648 /* SceneDelegate.swift */,
				A51081E92871BF5C00A8D648 /* LaunchScreen.storyboard */,
				A51081EC2871BF5C00A8D648 /* Info.plist */,
			);
			path = Hygrometer;
			sourceTree = "<group>";
		};
		A57D2D2A287D9738005EA7CA /* Model */ = {
			isa = PBXGroup;
			children = (
				A57D2D26287D9729005EA7CA /* AddressResponseModel.swift */,
				A57D2D28287D9731005EA7CA /* AddressRequestModel.swift */,
				E5C2E4DA287DBF430022C532 /* WeatherResponseModel.swift */,
				E5C2E4DC287DC1380022C532 /* WeatherRequestModel.swift */,
			);
			path = Model;
			sourceTree = "<group>";
		};
		A57D2D2D287D99B8005EA7CA /* Manager */ = {
			isa = PBXGroup;
			children = (
				A57D2D2B287D99B4005EA7CA /* AddressSearchManager.swift */,
				A5CF83072884376B00514958 /* UserDefaultsManager.swift */,
				E5C2E4D8287DBEC60022C532 /* WeatherServiceManager.swift */,
				E595611C2885A5F70074E677 /* BookmarkManager.swift */,
			);
			path = Manager;
			sourceTree = "<group>";
		};
		A5E8EA8A2886EC5900AF9158 /* Entry */ = {
			isa = PBXGroup;
			children = (
				A5E8EA882886EC5600AF9158 /* EntryViewController.swift */,
			);
			path = Entry;
			sourceTree = "<group>";
		};
		E5A2E6C12879925400C9D5EB /* Home */ = {
			isa = PBXGroup;
			children = (
				A51081E22871BF5A00A8D648 /* HomeViewController.swift */,
				E5A2E6C22879938A00C9D5EB /* HomeListViewModel.swift */,
				E5A2E6C62879A52A00C9D5EB /* HomeCollectionViewCell.swift */,
			);
			path = Home;
			sourceTree = "<group>";
		};
		FCC403BD1124B23091AC3389 /* Pods */ = {
			isa = PBXGroup;
			children = (
				78E5E42E3CBAF2D43EB1CE07 /* Pods-Hygrometer.debug.xcconfig */,
				E88BC880D8CB22551EEA7555 /* Pods-Hygrometer.release.xcconfig */,
			);
			path = Pods;
			sourceTree = "<group>";
		};
/* End PBXGroup section */

/* Begin PBXNativeTarget section */
		A51081DA2871BF5A00A8D648 /* Hygrometer */ = {
			isa = PBXNativeTarget;
			buildConfigurationList = A51081EF2871BF5C00A8D648 /* Build configuration list for PBXNativeTarget "Hygrometer" */;
			buildPhases = (
				6931BA329901693937441807 /* [CP] Check Pods Manifest.lock */,
				A51081D72871BF5A00A8D648 /* Sources */,
				A51081D82871BF5A00A8D648 /* Frameworks */,
				A51081D92871BF5A00A8D648 /* Resources */,
				A51081F92871C1D500A8D648 /* SwiftLint */,
				D33607B657F5D4E49499204D /* [CP] Embed Pods Frameworks */,
			);
			buildRules = (
			);
			dependencies = (
			);
			name = Hygrometer;
			packageProductDependencies = (
				A51081F32871C12200A8D648 /* Alamofire */,
				A51081F62871C12E00A8D648 /* SnapKit */,
			);
			productName = Hygrometer;
			productReference = A51081DB2871BF5A00A8D648 /* Hygrometer.app */;
			productType = "com.apple.product-type.application";
		};
/* End PBXNativeTarget section */

/* Begin PBXProject section */
		A51081D32871BF5A00A8D648 /* Project object */ = {
			isa = PBXProject;
			attributes = {
				BuildIndependentTargetsInParallel = 1;
				LastSwiftUpdateCheck = 1340;
				LastUpgradeCheck = 1340;
				TargetAttributes = {
					A51081DA2871BF5A00A8D648 = {
						CreatedOnToolsVersion = 13.4.1;
					};
				};
			};
			buildConfigurationList = A51081D62871BF5A00A8D648 /* Build configuration list for PBXProject "Hygrometer" */;
			compatibilityVersion = "Xcode 13.0";
			developmentRegion = en;
			hasScannedForEncodings = 0;
			knownRegions = (
				en,
				Base,
			);
			mainGroup = A51081D22871BF5A00A8D648;
			packageReferences = (
				A51081F22871C12200A8D648 /* XCRemoteSwiftPackageReference "Alamofire" */,
				A51081F52871C12E00A8D648 /* XCRemoteSwiftPackageReference "SnapKit" */,
			);
			productRefGroup = A51081DC2871BF5A00A8D648 /* Products */;
			projectDirPath = "";
			projectRoot = "";
			targets = (
				A51081DA2871BF5A00A8D648 /* Hygrometer */,
			);
		};
/* End PBXProject section */

/* Begin PBXResourcesBuildPhase section */
		A51081D92871BF5A00A8D648 /* Resources */ = {
			isa = PBXResourcesBuildPhase;
			buildActionMask = 2147483647;
			files = (
				E5B151942871C8610028EFAE /* .swiftlint.yml in Resources */,
				A51081EB2871BF5C00A8D648 /* LaunchScreen.storyboard in Resources */,
				A51081E82871BF5C00A8D648 /* Assets.xcassets in Resources */,
			);
			runOnlyForDeploymentPostprocessing = 0;
		};
/* End PBXResourcesBuildPhase section */

/* Begin PBXShellScriptBuildPhase section */
		6931BA329901693937441807 /* [CP] Check Pods Manifest.lock */ = {
			isa = PBXShellScriptBuildPhase;
			buildActionMask = 2147483647;
			files = (
			);
			inputFileListPaths = (
			);
			inputPaths = (
				"${PODS_PODFILE_DIR_PATH}/Podfile.lock",
				"${PODS_ROOT}/Manifest.lock",
			);
			name = "[CP] Check Pods Manifest.lock";
			outputFileListPaths = (
			);
			outputPaths = (
				"$(DERIVED_FILE_DIR)/Pods-Hygrometer-checkManifestLockResult.txt",
			);
			runOnlyForDeploymentPostprocessing = 0;
			shellPath = /bin/sh;
			shellScript = "diff \"${PODS_PODFILE_DIR_PATH}/Podfile.lock\" \"${PODS_ROOT}/Manifest.lock\" > /dev/null\nif [ $? != 0 ] ; then\n    # print error to STDERR\n    echo \"error: The sandbox is not in sync with the Podfile.lock. Run 'pod install' or update your CocoaPods installation.\" >&2\n    exit 1\nfi\n# This output is used by Xcode 'outputs' to avoid re-running this script phase.\necho \"SUCCESS\" > \"${SCRIPT_OUTPUT_FILE_0}\"\n";
			showEnvVarsInLog = 0;
		};
		A51081F92871C1D500A8D648 /* SwiftLint */ = {
			isa = PBXShellScriptBuildPhase;
			buildActionMask = 2147483647;
			files = (
			);
			inputFileListPaths = (
			);
			inputPaths = (
			);
			name = SwiftLint;
			outputFileListPaths = (
			);
			outputPaths = (
			);
			runOnlyForDeploymentPostprocessing = 0;
			shellPath = /bin/sh;
			shellScript = "\"${PODS_ROOT}/SwiftLint/swiftlint\"\n";
		};
		D33607B657F5D4E49499204D /* [CP] Embed Pods Frameworks */ = {
			isa = PBXShellScriptBuildPhase;
			buildActionMask = 2147483647;
			files = (
			);
			inputFileListPaths = (
				"${PODS_ROOT}/Target Support Files/Pods-Hygrometer/Pods-Hygrometer-frameworks-${CONFIGURATION}-input-files.xcfilelist",
			);
			name = "[CP] Embed Pods Frameworks";
			outputFileListPaths = (
				"${PODS_ROOT}/Target Support Files/Pods-Hygrometer/Pods-Hygrometer-frameworks-${CONFIGURATION}-output-files.xcfilelist",
			);
			runOnlyForDeploymentPostprocessing = 0;
			shellPath = /bin/sh;
			shellScript = "\"${PODS_ROOT}/Target Support Files/Pods-Hygrometer/Pods-Hygrometer-frameworks.sh\"\n";
			showEnvVarsInLog = 0;
		};
/* End PBXShellScriptBuildPhase section */

/* Begin PBXSourcesBuildPhase section */
		A51081D72871BF5A00A8D648 /* Sources */ = {
			isa = PBXSourcesBuildPhase;
			buildActionMask = 2147483647;
			files = (
				A51081E32871BF5A00A8D648 /* HomeViewController.swift in Sources */,
				A5E8EA892886EC5600AF9158 /* EntryViewController.swift in Sources */,
				A508BB64287A5C8D00A37162 /* PresentTableViewCell.swift in Sources */,
				A57D2D2C287D99B4005EA7CA /* AddressSearchManager.swift in Sources */,
				A508BB5D287A560300A37162 /* PresentViewController.swift in Sources */,
				A508BB68287A768A00A37162 /* SettingsViewController.swift in Sources */,
				E5A2E6C52879955900C9D5EB /* UIColor+Extensions.swift in Sources */,
				A5CF83082884376B00514958 /* UserDefaultsManager.swift in Sources */,
				E5C2E4DF287DC24F0022C532 /* SECRET.swift in Sources */,
				A51081DF2871BF5A00A8D648 /* AppDelegate.swift in Sources */,
				A508BB6B287A7AA600A37162 /* SettingsTableViewCell.swift in Sources */,
				A57D2D27287D9729005EA7CA /* AddressResponseModel.swift in Sources */,
				A57D2D29287D9731005EA7CA /* AddressRequestModel.swift in Sources */,
				A51081E12871BF5A00A8D648 /* SceneDelegate.swift in Sources */,
				A508BB66287A6B4300A37162 /* SceneType.swift in Sources */,
				E5C2E4D9287DBEC60022C532 /* WeatherServiceManager.swift in Sources */,
				E5A2E6C32879938A00C9D5EB /* HomeListViewModel.swift in Sources */,
				E5A2E6C72879A52A00C9D5EB /* HomeCollectionViewCell.swift in Sources */,
				E595611D2885A5F70074E677 /* BookmarkManager.swift in Sources */,
				E5C2E4DD287DC1380022C532 /* WeatherRequestModel.swift in Sources */,
				E5C2E4DB287DBF430022C532 /* WeatherResponseModel.swift in Sources */,
			);
			runOnlyForDeploymentPostprocessing = 0;
		};
/* End PBXSourcesBuildPhase section */

/* Begin PBXVariantGroup section */
		A51081E92871BF5C00A8D648 /* LaunchScreen.storyboard */ = {
			isa = PBXVariantGroup;
			children = (
				A51081EA2871BF5C00A8D648 /* Base */,
			);
			name = LaunchScreen.storyboard;
			sourceTree = "<group>";
		};
/* End PBXVariantGroup section */

/* Begin XCBuildConfiguration section */
		A51081ED2871BF5C00A8D648 /* Debug */ = {
			isa = XCBuildConfiguration;
			buildSettings = {
				ALWAYS_SEARCH_USER_PATHS = NO;
				CLANG_ANALYZER_NONNULL = YES;
				CLANG_ANALYZER_NUMBER_OBJECT_CONVERSION = YES_AGGRESSIVE;
				CLANG_CXX_LANGUAGE_STANDARD = "gnu++17";
				CLANG_ENABLE_MODULES = YES;
				CLANG_ENABLE_OBJC_ARC = YES;
				CLANG_ENABLE_OBJC_WEAK = YES;
				CLANG_WARN_BLOCK_CAPTURE_AUTORELEASING = YES;
				CLANG_WARN_BOOL_CONVERSION = YES;
				CLANG_WARN_COMMA = YES;
				CLANG_WARN_CONSTANT_CONVERSION = YES;
				CLANG_WARN_DEPRECATED_OBJC_IMPLEMENTATIONS = YES;
				CLANG_WARN_DIRECT_OBJC_ISA_USAGE = YES_ERROR;
				CLANG_WARN_DOCUMENTATION_COMMENTS = YES;
				CLANG_WARN_EMPTY_BODY = YES;
				CLANG_WARN_ENUM_CONVERSION = YES;
				CLANG_WARN_INFINITE_RECURSION = YES;
				CLANG_WARN_INT_CONVERSION = YES;
				CLANG_WARN_NON_LITERAL_NULL_CONVERSION = YES;
				CLANG_WARN_OBJC_IMPLICIT_RETAIN_SELF = YES;
				CLANG_WARN_OBJC_LITERAL_CONVERSION = YES;
				CLANG_WARN_OBJC_ROOT_CLASS = YES_ERROR;
				CLANG_WARN_QUOTED_INCLUDE_IN_FRAMEWORK_HEADER = YES;
				CLANG_WARN_RANGE_LOOP_ANALYSIS = YES;
				CLANG_WARN_STRICT_PROTOTYPES = YES;
				CLANG_WARN_SUSPICIOUS_MOVE = YES;
				CLANG_WARN_UNGUARDED_AVAILABILITY = YES_AGGRESSIVE;
				CLANG_WARN_UNREACHABLE_CODE = YES;
				CLANG_WARN__DUPLICATE_METHOD_MATCH = YES;
				COPY_PHASE_STRIP = NO;
				DEBUG_INFORMATION_FORMAT = dwarf;
				ENABLE_STRICT_OBJC_MSGSEND = YES;
				ENABLE_TESTABILITY = YES;
				GCC_C_LANGUAGE_STANDARD = gnu11;
				GCC_DYNAMIC_NO_PIC = NO;
				GCC_NO_COMMON_BLOCKS = YES;
				GCC_OPTIMIZATION_LEVEL = 0;
				GCC_PREPROCESSOR_DEFINITIONS = (
					"DEBUG=1",
					"$(inherited)",
				);
				GCC_WARN_64_TO_32_BIT_CONVERSION = YES;
				GCC_WARN_ABOUT_RETURN_TYPE = YES_ERROR;
				GCC_WARN_UNDECLARED_SELECTOR = YES;
				GCC_WARN_UNINITIALIZED_AUTOS = YES_AGGRESSIVE;
				GCC_WARN_UNUSED_FUNCTION = YES;
				GCC_WARN_UNUSED_VARIABLE = YES;
				IPHONEOS_DEPLOYMENT_TARGET = 15.5;
				MTL_ENABLE_DEBUG_INFO = INCLUDE_SOURCE;
				MTL_FAST_MATH = YES;
				ONLY_ACTIVE_ARCH = YES;
				SDKROOT = iphoneos;
				SWIFT_ACTIVE_COMPILATION_CONDITIONS = DEBUG;
				SWIFT_OPTIMIZATION_LEVEL = "-Onone";
			};
			name = Debug;
		};
		A51081EE2871BF5C00A8D648 /* Release */ = {
			isa = XCBuildConfiguration;
			buildSettings = {
				ALWAYS_SEARCH_USER_PATHS = NO;
				CLANG_ANALYZER_NONNULL = YES;
				CLANG_ANALYZER_NUMBER_OBJECT_CONVERSION = YES_AGGRESSIVE;
				CLANG_CXX_LANGUAGE_STANDARD = "gnu++17";
				CLANG_ENABLE_MODULES = YES;
				CLANG_ENABLE_OBJC_ARC = YES;
				CLANG_ENABLE_OBJC_WEAK = YES;
				CLANG_WARN_BLOCK_CAPTURE_AUTORELEASING = YES;
				CLANG_WARN_BOOL_CONVERSION = YES;
				CLANG_WARN_COMMA = YES;
				CLANG_WARN_CONSTANT_CONVERSION = YES;
				CLANG_WARN_DEPRECATED_OBJC_IMPLEMENTATIONS = YES;
				CLANG_WARN_DIRECT_OBJC_ISA_USAGE = YES_ERROR;
				CLANG_WARN_DOCUMENTATION_COMMENTS = YES;
				CLANG_WARN_EMPTY_BODY = YES;
				CLANG_WARN_ENUM_CONVERSION = YES;
				CLANG_WARN_INFINITE_RECURSION = YES;
				CLANG_WARN_INT_CONVERSION = YES;
				CLANG_WARN_NON_LITERAL_NULL_CONVERSION = YES;
				CLANG_WARN_OBJC_IMPLICIT_RETAIN_SELF = YES;
				CLANG_WARN_OBJC_LITERAL_CONVERSION = YES;
				CLANG_WARN_OBJC_ROOT_CLASS = YES_ERROR;
				CLANG_WARN_QUOTED_INCLUDE_IN_FRAMEWORK_HEADER = YES;
				CLANG_WARN_RANGE_LOOP_ANALYSIS = YES;
				CLANG_WARN_STRICT_PROTOTYPES = YES;
				CLANG_WARN_SUSPICIOUS_MOVE = YES;
				CLANG_WARN_UNGUARDED_AVAILABILITY = YES_AGGRESSIVE;
				CLANG_WARN_UNREACHABLE_CODE = YES;
				CLANG_WARN__DUPLICATE_METHOD_MATCH = YES;
				COPY_PHASE_STRIP = NO;
				DEBUG_INFORMATION_FORMAT = "dwarf-with-dsym";
				ENABLE_NS_ASSERTIONS = NO;
				ENABLE_STRICT_OBJC_MSGSEND = YES;
				GCC_C_LANGUAGE_STANDARD = gnu11;
				GCC_NO_COMMON_BLOCKS = YES;
				GCC_WARN_64_TO_32_BIT_CONVERSION = YES;
				GCC_WARN_ABOUT_RETURN_TYPE = YES_ERROR;
				GCC_WARN_UNDECLARED_SELECTOR = YES;
				GCC_WARN_UNINITIALIZED_AUTOS = YES_AGGRESSIVE;
				GCC_WARN_UNUSED_FUNCTION = YES;
				GCC_WARN_UNUSED_VARIABLE = YES;
				IPHONEOS_DEPLOYMENT_TARGET = 15.5;
				MTL_ENABLE_DEBUG_INFO = NO;
				MTL_FAST_MATH = YES;
				SDKROOT = iphoneos;
				SWIFT_COMPILATION_MODE = wholemodule;
				SWIFT_OPTIMIZATION_LEVEL = "-O";
				VALIDATE_PRODUCT = YES;
			};
			name = Release;
		};
		A51081F02871BF5C00A8D648 /* Debug */ = {
			isa = XCBuildConfiguration;
			baseConfigurationReference = 78E5E42E3CBAF2D43EB1CE07 /* Pods-Hygrometer.debug.xcconfig */;
			buildSettings = {
				ASSETCATALOG_COMPILER_APPICON_NAME = AppIcon;
				ASSETCATALOG_COMPILER_GLOBAL_ACCENT_COLOR_NAME = AccentColor;
				CODE_SIGN_STYLE = Automatic;
				CURRENT_PROJECT_VERSION = 1;
				DEVELOPMENT_TEAM = MZ4WUT4W35;
				GENERATE_INFOPLIST_FILE = YES;
				INFOPLIST_FILE = Hygrometer/Info.plist;
				INFOPLIST_KEY_UIApplicationSupportsIndirectInputEvents = YES;
				INFOPLIST_KEY_UILaunchStoryboardName = LaunchScreen;
				INFOPLIST_KEY_UISupportedInterfaceOrientations_iPad = "UIInterfaceOrientationPortrait UIInterfaceOrientationPortraitUpsideDown UIInterfaceOrientationLandscapeLeft UIInterfaceOrientationLandscapeRight";
				INFOPLIST_KEY_UISupportedInterfaceOrientations_iPhone = "UIInterfaceOrientationPortrait UIInterfaceOrientationLandscapeLeft UIInterfaceOrientationLandscapeRight";
				LD_RUNPATH_SEARCH_PATHS = (
					"$(inherited)",
					"@executable_path/Frameworks",
				);
				MARKETING_VERSION = 1.0;
				PRODUCT_BUNDLE_IDENTIFIER = com.alswl.Hygrometer;
				PRODUCT_NAME = "$(TARGET_NAME)";
				SWIFT_EMIT_LOC_STRINGS = YES;
				SWIFT_VERSION = 5.0;
				TARGETED_DEVICE_FAMILY = "1,2";
			};
			name = Debug;
		};
		A51081F12871BF5C00A8D648 /* Release */ = {
			isa = XCBuildConfiguration;
			baseConfigurationReference = E88BC880D8CB22551EEA7555 /* Pods-Hygrometer.release.xcconfig */;
			buildSettings = {
				ASSETCATALOG_COMPILER_APPICON_NAME = AppIcon;
				ASSETCATALOG_COMPILER_GLOBAL_ACCENT_COLOR_NAME = AccentColor;
				CODE_SIGN_STYLE = Automatic;
				CURRENT_PROJECT_VERSION = 1;
				DEVELOPMENT_TEAM = MZ4WUT4W35;
				GENERATE_INFOPLIST_FILE = YES;
				INFOPLIST_FILE = Hygrometer/Info.plist;
				INFOPLIST_KEY_UIApplicationSupportsIndirectInputEvents = YES;
				INFOPLIST_KEY_UILaunchStoryboardName = LaunchScreen;
				INFOPLIST_KEY_UISupportedInterfaceOrientations_iPad = "UIInterfaceOrientationPortrait UIInterfaceOrientationPortraitUpsideDown UIInterfaceOrientationLandscapeLeft UIInterfaceOrientationLandscapeRight";
				INFOPLIST_KEY_UISupportedInterfaceOrientations_iPhone = "UIInterfaceOrientationPortrait UIInterfaceOrientationLandscapeLeft UIInterfaceOrientationLandscapeRight";
				LD_RUNPATH_SEARCH_PATHS = (
					"$(inherited)",
					"@executable_path/Frameworks",
				);
				MARKETING_VERSION = 1.0;
				PRODUCT_BUNDLE_IDENTIFIER = com.alswl.Hygrometer;
				PRODUCT_NAME = "$(TARGET_NAME)";
				SWIFT_EMIT_LOC_STRINGS = YES;
				SWIFT_VERSION = 5.0;
				TARGETED_DEVICE_FAMILY = "1,2";
			};
			name = Release;
		};
/* End XCBuildConfiguration section */

/* Begin XCConfigurationList section */
		A51081D62871BF5A00A8D648 /* Build configuration list for PBXProject "Hygrometer" */ = {
			isa = XCConfigurationList;
			buildConfigurations = (
				A51081ED2871BF5C00A8D648 /* Debug */,
				A51081EE2871BF5C00A8D648 /* Release */,
			);
			defaultConfigurationIsVisible = 0;
			defaultConfigurationName = Release;
		};
		A51081EF2871BF5C00A8D648 /* Build configuration list for PBXNativeTarget "Hygrometer" */ = {
			isa = XCConfigurationList;
			buildConfigurations = (
				A51081F02871BF5C00A8D648 /* Debug */,
				A51081F12871BF5C00A8D648 /* Release */,
			);
			defaultConfigurationIsVisible = 0;
			defaultConfigurationName = Release;
		};
/* End XCConfigurationList section */

/* Begin XCRemoteSwiftPackageReference section */
		A51081F22871C12200A8D648 /* XCRemoteSwiftPackageReference "Alamofire" */ = {
			isa = XCRemoteSwiftPackageReference;
			repositoryURL = "https://github.com/Alamofire/Alamofire.git";
			requirement = {
				kind = upToNextMajorVersion;
				minimumVersion = 5.0.0;
			};
		};
		A51081F52871C12E00A8D648 /* XCRemoteSwiftPackageReference "SnapKit" */ = {
			isa = XCRemoteSwiftPackageReference;
			repositoryURL = "https://github.com/SnapKit/SnapKit.git";
			requirement = {
				kind = upToNextMajorVersion;
				minimumVersion = 5.0.0;
			};
		};
/* End XCRemoteSwiftPackageReference section */

/* Begin XCSwiftPackageProductDependency section */
		A51081F32871C12200A8D648 /* Alamofire */ = {
			isa = XCSwiftPackageProductDependency;
			package = A51081F22871C12200A8D648 /* XCRemoteSwiftPackageReference "Alamofire" */;
			productName = Alamofire;
		};
		A51081F62871C12E00A8D648 /* SnapKit */ = {
			isa = XCSwiftPackageProductDependency;
			package = A51081F52871C12E00A8D648 /* XCRemoteSwiftPackageReference "SnapKit" */;
			productName = SnapKit;
		};
/* End XCSwiftPackageProductDependency section */
	};
	rootObject = A51081D32871BF5A00A8D648 /* Project object */;
}
